
Microsoft Visual Studio Solution File, Format Version 12.00
# Visual Studio Version 16
VisualStudioVersion = 16.0.31410.357
MinimumVisualStudioVersion = 10.0.40219.1
Project("{FAE04EC0-301F-11D3-BF4B-00C04F79EFBC}") = "ApiCatalogoJogos", "ApiCatalogoJogos\ApiCatalogoJogos.csproj", "{8D87ECD4-F658-44C1-907F-F3B53FEFB9B3}"
EndProject
Global
	GlobalSection(SolutionConfigurationPlatforms) = preSolution
		Debug|Any CPU = Debug|Any CPU
		Release|Any CPU = Release|Any CPU
	EndGlobalSection
	GlobalSection(ProjectConfigurationPlatforms) = postSolution
		{8D87ECD4-F658-44C1-907F-F3B53FEFB9B3}.Debug|Any CPU.ActiveCfg = Debug|Any CPU
		{8D87ECD4-F658-44C1-907F-F3B53FEFB9B3}.Debug|Any CPU.Build.0 = Debug|Any CPU
		{8D87ECD4-F658-44C1-907F-F3B53FEFB9B3}.Release|Any CPU.ActiveCfg = Release|Any CPU
		{8D87ECD4-F658-44C1-907F-F3B53FEFB9B3}.Release|Any CPU.Build.0 = Release|Any CPU
	EndGlobalSection
	GlobalSection(SolutionProperties) = preSolution
		HideSolutionNode = FALSE
	EndGlobalSection
	GlobalSection(ExtensibilityGlobals) = postSolution
		SolutionGuid = {769137F4-0E0E-4443-AA19-9F0FE549A0DE}
	EndGlobalSection
EndGlobal
